
Microsoft Visual Studio Solution File, Format Version 12.00
# Visual Studio 15
VisualStudioVersion = 15.0.27130.2026
MinimumVisualStudioVersion = 10.0.40219.1
Project("{2150E333-8FDC-42A3-9474-1A3956D46DE8}") = "Build", "Build", "{1082ED20-13D1-444F-BAFD-17EFB9152981}"
	ProjectSection(SolutionItems) = preProject
		appveyor.yml = appveyor.yml
		Build.ps1 = Build.ps1
		README.md = README.md
	EndProjectSection
EndProject
Project("{9A19103F-16F7-4668-BE54-9A1E7A4F7556}") = "AutoMapper.Extensions.Microsoft.DependencyInjection", "src\AutoMapper.Extensions.Microsoft.DependencyInjection\AutoMapper.Extensions.Microsoft.DependencyInjection.csproj", "{CD3BCC44-44C0-4A5A-9041-34B558A9FBF2}"
EndProject
Project("{9A19103F-16F7-4668-BE54-9A1E7A4F7556}") = "AutoMapper.Extensions.Microsoft.DependencyInjection.Tests", "test\AutoMapper.Extensions.Microsoft.DependencyInjection.Tests\AutoMapper.Extensions.Microsoft.DependencyInjection.Tests.csproj", "{A93A7F85-292A-4130-891D-4307D3F60C30}"
EndProject
Project("{9A19103F-16F7-4668-BE54-9A1E7A4F7556}") = "TestApp", "src\TestApp\TestApp.csproj", "{DE95F633-80B5-4248-A594-7FB357C8DAC9}"
EndProject
Project("{FAE04EC0-301F-11D3-BF4B-00C04F79EFBC}") = "TestWebApp", "src\TestWebApp\TestWebApp.csproj", "{2FD26D59-71EE-40D5-A800-7F7D5BAD0B6A}"
EndProject
Global
	GlobalSection(SolutionConfigurationPlatforms) = preSolution
		Debug|Any CPU = Debug|Any CPU
		Release|Any CPU = Release|Any CPU
	EndGlobalSection
	GlobalSection(ProjectConfigurationPlatforms) = postSolution
		{CD3BCC44-44C0-4A5A-9041-34B558A9FBF2}.Debug|Any CPU.ActiveCfg = Debug|Any CPU
		{CD3BCC44-44C0-4A5A-9041-34B558A9FBF2}.Debug|Any CPU.Build.0 = Debug|Any CPU
		{CD3BCC44-44C0-4A5A-9041-34B558A9FBF2}.Release|Any CPU.ActiveCfg = Release|Any CPU
		{CD3BCC44-44C0-4A5A-9041-34B558A9FBF2}.Release|Any CPU.Build.0 = Release|Any CPU
		{A93A7F85-292A-4130-891D-4307D3F60C30}.Debug|Any CPU.ActiveCfg = Debug|Any CPU
		{A93A7F85-292A-4130-891D-4307D3F60C30}.Debug|Any CPU.Build.0 = Debug|Any CPU
		{A93A7F85-292A-4130-891D-4307D3F60C30}.Release|Any CPU.ActiveCfg = Release|Any CPU
		{A93A7F85-292A-4130-891D-4307D3F60C30}.Release|Any CPU.Build.0 = Release|Any CPU
		{DE95F633-80B5-4248-A594-7FB357C8DAC9}.Debug|Any CPU.ActiveCfg = Debug|Any CPU
		{DE95F633-80B5-4248-A594-7FB357C8DAC9}.Debug|Any CPU.Build.0 = Debug|Any CPU
		{DE95F633-80B5-4248-A594-7FB357C8DAC9}.Release|Any CPU.ActiveCfg = Release|Any CPU
		{DE95F633-80B5-4248-A594-7FB357C8DAC9}.Release|Any CPU.Build.0 = Release|Any CPU
		{2FD26D59-71EE-40D5-A800-7F7D5BAD0B6A}.Debug|Any CPU.ActiveCfg = Debug|Any CPU
		{2FD26D59-71EE-40D5-A800-7F7D5BAD0B6A}.Debug|Any CPU.Build.0 = Debug|Any CPU
		{2FD26D59-71EE-40D5-A800-7F7D5BAD0B6A}.Release|Any CPU.ActiveCfg = Release|Any CPU
		{2FD26D59-71EE-40D5-A800-7F7D5BAD0B6A}.Release|Any CPU.Build.0 = Release|Any CPU
	EndGlobalSection
	GlobalSection(SolutionProperties) = preSolution
		HideSolutionNode = FALSE
	EndGlobalSection
	GlobalSection(ExtensibilityGlobals) = postSolution
		SolutionGuid = {19B7ED4E-4E39-417E-B56D-6B29A2C15649}
	EndGlobalSection
EndGlobal
